
Microsoft Visual Studio Solution File, Format Version 12.00
# Visual Studio Version 16
VisualStudioVersion = 16.0.28917.181
MinimumVisualStudioVersion = 10.0.40219.1
Project("{FAE04EC0-301F-11D3-BF4B-00C04F79EFBC}") = "StringAdvanced", "StringAdvanced\StringAdvanced.csproj", "{74C76A0E-4C79-477F-B2F9-3559B5D13DC0}"
EndProject
Global
	GlobalSection(SolutionConfigurationPlatforms) = preSolution
		Debug|Any CPU = Debug|Any CPU
		Release|Any CPU = Release|Any CPU
	EndGlobalSection
	GlobalSection(ProjectConfigurationPlatforms) = postSolution
		{74C76A0E-4C79-477F-B2F9-3559B5D13DC0}.Debug|Any CPU.ActiveCfg = Debug|Any CPU
		{74C76A0E-4C79-477F-B2F9-3559B5D13DC0}.Debug|Any CPU.Build.0 = Debug|Any CPU
		{74C76A0E-4C79-477F-B2F9-3559B5D13DC0}.Release|Any CPU.ActiveCfg = Release|Any CPU
		{74C76A0E-4C79-477F-B2F9-3559B5D13DC0}.Release|Any CPU.Build.0 = Release|Any CPU
	EndGlobalSection
	GlobalSection(SolutionProperties) = preSolution
		HideSolutionNode = FALSE
	EndGlobalSection
	GlobalSection(ExtensibilityGlobals) = postSolution
		SolutionGuid = {22D1B1BE-69B9-4ECB-82E1-457695B597CB}
	EndGlobalSection
EndGlobal
